
Microsoft Visual Studio Solution File, Format Version 12.00
# Visual Studio Version 16
VisualStudioVersion = 16.0.31205.134
MinimumVisualStudioVersion = 10.0.40219.1
Project("{FAE04EC0-301F-11D3-BF4B-00C04F79EFBC}") = "Messenger", "Messenger\Messenger.csproj", "{2931183E-6C51-4959-BE15-60519CD51F1B}"
EndProject
Project("{9A19103F-16F7-4668-BE54-9A1E7A4F7556}") = "Messenger.Core", "Messenger.Core\Messenger.Core.csproj", "{B834A83F-3675-4A90-A852-45B1ACBFCE11}"
EndProject
Project("{9A19103F-16F7-4668-BE54-9A1E7A4F7556}") = "Messenger.SignalR", "Messenger.SignalR\Messenger.SignalR.csproj", "{06BDFC56-6789-4D28-82B7-7C8B6EA7625A}"
EndProject
Project("{9A19103F-16F7-4668-BE54-9A1E7A4F7556}") = "Messenger.Core.Tests.MSTest", "Messenger.Core.Tests.MSTest\Messenger.Core.Tests.MSTest.csproj", "{734400F4-8F4A-46C4-80B9-6B508208B03D}"
EndProject
Project("{FAE04EC0-301F-11D3-BF4B-00C04F79EFBC}") = "ASTProcessor", "ASTProcessor\ASTProcessor.csproj", "{E5849F41-F01F-4F22-9E5F-5D85FCEADFF1}"
EndProject
Global
	GlobalSection(SolutionConfigurationPlatforms) = preSolution
		Debug|Any CPU = Debug|Any CPU
		Debug|ARM = Debug|ARM
		Debug|ARM64 = Debug|ARM64
		Debug|x64 = Debug|x64
		Debug|x86 = Debug|x86
		Release|Any CPU = Release|Any CPU
		Release|ARM = Release|ARM
		Release|ARM64 = Release|ARM64
		Release|x64 = Release|x64
		Release|x86 = Release|x86
	EndGlobalSection
	GlobalSection(ProjectConfigurationPlatforms) = postSolution
		{2931183E-6C51-4959-BE15-60519CD51F1B}.Debug|Any CPU.ActiveCfg = Debug|x86
		{2931183E-6C51-4959-BE15-60519CD51F1B}.Debug|ARM.ActiveCfg = Debug|ARM
		{2931183E-6C51-4959-BE15-60519CD51F1B}.Debug|ARM.Build.0 = Debug|ARM
		{2931183E-6C51-4959-BE15-60519CD51F1B}.Debug|ARM.Deploy.0 = Debug|ARM
		{2931183E-6C51-4959-BE15-60519CD51F1B}.Debug|ARM64.ActiveCfg = Debug|ARM64
		{2931183E-6C51-4959-BE15-60519CD51F1B}.Debug|ARM64.Build.0 = Debug|ARM64
		{2931183E-6C51-4959-BE15-60519CD51F1B}.Debug|ARM64.Deploy.0 = Debug|ARM64
		{2931183E-6C51-4959-BE15-60519CD51F1B}.Debug|x64.ActiveCfg = Debug|x64
		{2931183E-6C51-4959-BE15-60519CD51F1B}.Debug|x64.Build.0 = Debug|x64
		{2931183E-6C51-4959-BE15-60519CD51F1B}.Debug|x64.Deploy.0 = Debug|x64
		{2931183E-6C51-4959-BE15-60519CD51F1B}.Debug|x86.ActiveCfg = Debug|x86
		{2931183E-6C51-4959-BE15-60519CD51F1B}.Debug|x86.Build.0 = Debug|x86
		{2931183E-6C51-4959-BE15-60519CD51F1B}.Debug|x86.Deploy.0 = Debug|x86
		{2931183E-6C51-4959-BE15-60519CD51F1B}.Release|Any CPU.ActiveCfg = Release|x86
		{2931183E-6C51-4959-BE15-60519CD51F1B}.Release|ARM.ActiveCfg = Release|ARM
		{2931183E-6C51-4959-BE15-60519CD51F1B}.Release|ARM.Build.0 = Release|ARM
		{2931183E-6C51-4959-BE15-60519CD51F1B}.Release|ARM.Deploy.0 = Release|ARM
		{2931183E-6C51-4959-BE15-60519CD51F1B}.Release|ARM64.ActiveCfg = Release|ARM64
		{2931183E-6C51-4959-BE15-60519CD51F1B}.Release|ARM64.Build.0 = Release|ARM64
		{2931183E-6C51-4959-BE15-60519CD51F1B}.Release|ARM64.Deploy.0 = Release|ARM64
		{2931183E-6C51-4959-BE15-60519CD51F1B}.Release|x64.ActiveCfg = Release|x64
		{2931183E-6C51-4959-BE15-60519CD51F1B}.Release|x64.Build.0 = Release|x64
		{2931183E-6C51-4959-BE15-60519CD51F1B}.Release|x64.Deploy.0 = Release|x64
		{2931183E-6C51-4959-BE15-60519CD51F1B}.Release|x86.ActiveCfg = Release|x86
		{2931183E-6C51-4959-BE15-60519CD51F1B}.Release|x86.Build.0 = Release|x86
		{2931183E-6C51-4959-BE15-60519CD51F1B}.Release|x86.Deploy.0 = Release|x86
		{B834A83F-3675-4A90-A852-45B1ACBFCE11}.Debug|Any CPU.ActiveCfg = Debug|Any CPU
		{B834A83F-3675-4A90-A852-45B1ACBFCE11}.Debug|Any CPU.Build.0 = Debug|Any CPU
		{B834A83F-3675-4A90-A852-45B1ACBFCE11}.Debug|ARM.ActiveCfg = Debug|Any CPU
		{B834A83F-3675-4A90-A852-45B1ACBFCE11}.Debug|ARM.Build.0 = Debug|Any CPU
		{B834A83F-3675-4A90-A852-45B1ACBFCE11}.Debug|ARM64.ActiveCfg = Debug|Any CPU
		{B834A83F-3675-4A90-A852-45B1ACBFCE11}.Debug|ARM64.Build.0 = Debug|Any CPU
		{B834A83F-3675-4A90-A852-45B1ACBFCE11}.Debug|x64.ActiveCfg = Debug|Any CPU
		{B834A83F-3675-4A90-A852-45B1ACBFCE11}.Debug|x64.Build.0 = Debug|Any CPU
		{B834A83F-3675-4A90-A852-45B1ACBFCE11}.Debug|x86.ActiveCfg = Debug|Any CPU
		{B834A83F-3675-4A90-A852-45B1ACBFCE11}.Debug|x86.Build.0 = Debug|Any CPU
		{B834A83F-3675-4A90-A852-45B1ACBFCE11}.Release|Any CPU.ActiveCfg = Release|Any CPU
		{B834A83F-3675-4A90-A852-45B1ACBFCE11}.Release|Any CPU.Build.0 = Release|Any CPU
		{B834A83F-3675-4A90-A852-45B1ACBFCE11}.Release|ARM.ActiveCfg = Release|Any CPU
		{B834A83F-3675-4A90-A852-45B1ACBFCE11}.Release|ARM.Build.0 = Release|Any CPU
		{B834A83F-3675-4A90-A852-45B1ACBFCE11}.Release|ARM64.ActiveCfg = Release|Any CPU
		{B834A83F-3675-4A90-A852-45B1ACBFCE11}.Release|ARM64.Build.0 = Release|Any CPU
		{B834A83F-3675-4A90-A852-45B1ACBFCE11}.Release|x64.ActiveCfg = Release|Any CPU
		{B834A83F-3675-4A90-A852-45B1ACBFCE11}.Release|x64.Build.0 = Release|Any CPU
		{B834A83F-3675-4A90-A852-45B1ACBFCE11}.Release|x86.ActiveCfg = Release|Any CPU
		{B834A83F-3675-4A90-A852-45B1ACBFCE11}.Release|x86.Build.0 = Release|Any CPU
		{06BDFC56-6789-4D28-82B7-7C8B6EA7625A}.Debug|Any CPU.ActiveCfg = Debug|Any CPU
		{06BDFC56-6789-4D28-82B7-7C8B6EA7625A}.Debug|Any CPU.Build.0 = Debug|Any CPU
		{06BDFC56-6789-4D28-82B7-7C8B6EA7625A}.Debug|ARM.ActiveCfg = Debug|Any CPU
		{06BDFC56-6789-4D28-82B7-7C8B6EA7625A}.Debug|ARM.Build.0 = Debug|Any CPU
		{06BDFC56-6789-4D28-82B7-7C8B6EA7625A}.Debug|ARM64.ActiveCfg = Debug|Any CPU
		{06BDFC56-6789-4D28-82B7-7C8B6EA7625A}.Debug|ARM64.Build.0 = Debug|Any CPU
		{06BDFC56-6789-4D28-82B7-7C8B6EA7625A}.Debug|x64.ActiveCfg = Debug|Any CPU
		{06BDFC56-6789-4D28-82B7-7C8B6EA7625A}.Debug|x64.Build.0 = Debug|Any CPU
		{06BDFC56-6789-4D28-82B7-7C8B6EA7625A}.Debug|x86.ActiveCfg = Debug|Any CPU
		{06BDFC56-6789-4D28-82B7-7C8B6EA7625A}.Debug|x86.Build.0 = Debug|Any CPU
		{06BDFC56-6789-4D28-82B7-7C8B6EA7625A}.Release|Any CPU.ActiveCfg = Release|Any CPU
		{06BDFC56-6789-4D28-82B7-7C8B6EA7625A}.Release|Any CPU.Build.0 = Release|Any CPU
		{06BDFC56-6789-4D28-82B7-7C8B6EA7625A}.Release|ARM.ActiveCfg = Release|Any CPU
		{06BDFC56-6789-4D28-82B7-7C8B6EA7625A}.Release|ARM.Build.0 = Release|Any CPU
		{06BDFC56-6789-4D28-82B7-7C8B6EA7625A}.Release|ARM64.ActiveCfg = Release|Any CPU
		{06BDFC56-6789-4D28-82B7-7C8B6EA7625A}.Release|ARM64.Build.0 = Release|Any CPU
		{06BDFC56-6789-4D28-82B7-7C8B6EA7625A}.Release|x64.ActiveCfg = Release|Any CPU
		{06BDFC56-6789-4D28-82B7-7C8B6EA7625A}.Release|x64.Build.0 = Release|Any CPU
		{06BDFC56-6789-4D28-82B7-7C8B6EA7625A}.Release|x86.ActiveCfg = Release|Any CPU
		{06BDFC56-6789-4D28-82B7-7C8B6EA7625A}.Release|x86.Build.0 = Release|Any CPU
		{734400F4-8F4A-46C4-80B9-6B508208B03D}.Debug|Any CPU.ActiveCfg = Debug|Any CPU
		{734400F4-8F4A-46C4-80B9-6B508208B03D}.Debug|Any CPU.Build.0 = Debug|Any CPU
		{734400F4-8F4A-46C4-80B9-6B508208B03D}.Debug|ARM.ActiveCfg = Debug|Any CPU
		{734400F4-8F4A-46C4-80B9-6B508208B03D}.Debug|ARM.Build.0 = Debug|Any CPU
		{734400F4-8F4A-46C4-80B9-6B508208B03D}.Debug|ARM64.ActiveCfg = Debug|Any CPU
		{734400F4-8F4A-46C4-80B9-6B508208B03D}.Debug|ARM64.Build.0 = Debug|Any CPU
		{734400F4-8F4A-46C4-80B9-6B508208B03D}.Debug|x64.ActiveCfg = Debug|Any CPU
		{734400F4-8F4A-46C4-80B9-6B508208B03D}.Debug|x64.Build.0 = Debug|Any CPU
		{734400F4-8F4A-46C4-80B9-6B508208B03D}.Debug|x86.ActiveCfg = Debug|Any CPU
		{734400F4-8F4A-46C4-80B9-6B508208B03D}.Debug|x86.Build.0 = Debug|Any CPU
		{734400F4-8F4A-46C4-80B9-6B508208B03D}.Release|Any CPU.ActiveCfg = Release|Any CPU
		{734400F4-8F4A-46C4-80B9-6B508208B03D}.Release|Any CPU.Build.0 = Release|Any CPU
		{734400F4-8F4A-46C4-80B9-6B508208B03D}.Release|ARM.ActiveCfg = Release|Any CPU
		{734400F4-8F4A-46C4-80B9-6B508208B03D}.Release|ARM.Build.0 = Release|Any CPU
		{734400F4-8F4A-46C4-80B9-6B508208B03D}.Release|ARM64.ActiveCfg = Release|Any CPU
		{734400F4-8F4A-46C4-80B9-6B508208B03D}.Release|ARM64.Build.0 = Release|Any CPU
		{734400F4-8F4A-46C4-80B9-6B508208B03D}.Release|x64.ActiveCfg = Release|Any CPU
		{734400F4-8F4A-46C4-80B9-6B508208B03D}.Release|x64.Build.0 = Release|Any CPU
		{734400F4-8F4A-46C4-80B9-6B508208B03D}.Release|x86.ActiveCfg = Release|Any CPU
		{734400F4-8F4A-46C4-80B9-6B508208B03D}.Release|x86.Build.0 = Release|Any CPU
		{E5849F41-F01F-4F22-9E5F-5D85FCEADFF1}.Debug|Any CPU.ActiveCfg = Debug|Any CPU
		{E5849F41-F01F-4F22-9E5F-5D85FCEADFF1}.Debug|Any CPU.Build.0 = Debug|Any CPU
		{E5849F41-F01F-4F22-9E5F-5D85FCEADFF1}.Debug|ARM.ActiveCfg = Debug|Any CPU
		{E5849F41-F01F-4F22-9E5F-5D85FCEADFF1}.Debug|ARM.Build.0 = Debug|Any CPU
		{E5849F41-F01F-4F22-9E5F-5D85FCEADFF1}.Debug|ARM64.ActiveCfg = Debug|Any CPU
		{E5849F41-F01F-4F22-9E5F-5D85FCEADFF1}.Debug|ARM64.Build.0 = Debug|Any CPU
		{E5849F41-F01F-4F22-9E5F-5D85FCEADFF1}.Debug|x64.ActiveCfg = Debug|Any CPU
		{E5849F41-F01F-4F22-9E5F-5D85FCEADFF1}.Debug|x64.Build.0 = Debug|Any CPU
		{E5849F41-F01F-4F22-9E5F-5D85FCEADFF1}.Debug|x86.ActiveCfg = Debug|Any CPU
		{E5849F41-F01F-4F22-9E5F-5D85FCEADFF1}.Debug|x86.Build.0 = Debug|Any CPU
		{E5849F41-F01F-4F22-9E5F-5D85FCEADFF1}.Release|Any CPU.ActiveCfg = Release|Any CPU
		{E5849F41-F01F-4F22-9E5F-5D85FCEADFF1}.Release|Any CPU.Build.0 = Release|Any CPU
		{E5849F41-F01F-4F22-9E5F-5D85FCEADFF1}.Release|ARM.ActiveCfg = Release|Any CPU
		{E5849F41-F01F-4F22-9E5F-5D85FCEADFF1}.Release|ARM.Build.0 = Release|Any CPU
		{E5849F41-F01F-4F22-9E5F-5D85FCEADFF1}.Release|ARM64.ActiveCfg = Release|Any CPU
		{E5849F41-F01F-4F22-9E5F-5D85FCEADFF1}.Release|ARM64.Build.0 = Release|Any CPU
		{E5849F41-F01F-4F22-9E5F-5D85FCEADFF1}.Release|x64.ActiveCfg = Release|Any CPU
		{E5849F41-F01F-4F22-9E5F-5D85FCEADFF1}.Release|x64.Build.0 = Release|Any CPU
		{E5849F41-F01F-4F22-9E5F-5D85FCEADFF1}.Release|x86.ActiveCfg = Release|Any CPU
		{E5849F41-F01F-4F22-9E5F-5D85FCEADFF1}.Release|x86.Build.0 = Release|Any CPU
	EndGlobalSection
	GlobalSection(SolutionProperties) = preSolution
		HideSolutionNode = FALSE
	EndGlobalSection
	GlobalSection(ExtensibilityGlobals) = postSolution
		SolutionGuid = {D311CEA7-0626-4339-B70A-F5E7820B6840}
	EndGlobalSection
EndGlobal
